# This file is generated by running "yarn install" inside your project.
# Manual changes might be lost - proceed with caution!

__metadata:
  version: 7
  cacheKey: 9

"foo@workspace:*, foo@workspace:packages/foo":
  version: 0.0.0-use.local
  resolution: "foo@workspace:packages/foo"
  dependencies:
    typescript: "npm:^4.8.3"
  languageName: unknown
  linkType: soft

"node-app@workspace:packages/node-app":
  version: 0.0.0-use.local
  resolution: "node-app@workspace:packages/node-app"
  dependencies:
    foo: "workspace:*"
    typescript: "npm:^4.8.3"
  languageName: unknown
  linkType: soft

"node16-app@workspace:packages/node16-app":
  version: 0.0.0-use.local
  resolution: "node16-app@workspace:packages/node16-app"
  dependencies:
    foo: "workspace:*"
    typescript: "npm:^4.8.3"
  languageName: unknown
  linkType: soft

"root-workspace-0b6124@workspace:.":
  version: 0.0.0-use.local
  resolution: "root-workspace-0b6124@workspace:."
  dependencies:
    typescript: "npm:^4.8.3"
  languageName: unknown
  linkType: soft

"typescript@npm:^4.8.3":
  version: 4.8.3
  resolution: "typescript@npm:4.8.3"
  bin:
    tsc: bin/tsc
    tsserver: bin/tsserver
  checksum: af0b64299469d69d68cfc8751183012dacca1553b2789fb60f2ed6cd0c262b433daa21a04bd4e9b5b2f09b13d5389adf674b4019c298ed07251ba320437e4f87
  languageName: node
  linkType: hard

"typescript@patch:typescript@npm%3A^4.8.3#optional!builtin<compat/typescript>":
  version: 4.8.3
  resolution: "typescript@patch:typescript@npm%3A4.8.3#optional!builtin<compat/typescript>::version=4.8.3&hash=a1c5e5"
  bin:
    tsc: bin/tsc
    tsserver: bin/tsserver
  checksum: 39c0dac8f415b62d5f8234dc285ae22b790f48c3c5c1ebfb34de56871bf0089fcaa92930dddced9e0345beb9b1e812607e81181cabd4ee1f942fd31c6c6a9097
  languageName: node
  linkType: hard
